{
  "lockfileVersion": 2,
  "configVersion": 1,
  "workspaces": {
    "": {
      "name": "playwright-resource-monitor",
      "dependencies": {
        "@actions/core": "^1.11.1",
        "ws": "^8.18.0",
      },
      "devDependencies": {
        "@types/bun": "^1.4.0",
        "@types/node": "^22.10.0",
        "@types/ws": "^8.5.13",
        "bun": "^1.1.34",
        "typescript": "^5.7.2",
      },
    },
  },
  "packages": {
    "@actions/core": ["@actions/core@1.11.1", "", { "dependencies": { "@actions/exec": "^1.1.1", "@actions/http-client": "^2.0.1" } }, "sha512-hXJCSrkwfA46Vd9Z3q4cpEpHB1rL5NG04+/rbqW9d3+CSvtB1tYe8UTpAlixa1vj0m/ULglfEK2UKxMGxCxv5A=="],

    "@actions/exec": ["@actions/exec@1.1.1", "", { "dependencies": { "@actions/io": "^1.0.1" } }, "sha512-+sCcHHbVdk93a0XT19ECtO/gIXoxvdsgQLzb2fE2/5sIZmWQuluYyjPQtrtTHdU1YzTZ7bAPN4sITq2xi1679w=="],

    "@actions/http-client": ["@actions/http-client@2.2.3", "", { "dependencies": { "tunnel": "^0.0.6", "undici": "^5.25.4" } }, "sha512-mx8hyJi/hjFvbPokCg4uRd4ZX78t+YyRPtnKWwIl+RzNaVuFpQHfmlGVfsKEJN8LwTCvL+DfVgAM04XaHkm6bA=="],

    "@actions/io": ["@actions/io@1.1.3", "", {}, "sha512-wi9JjgKLYS7U/z8PPbco+PvTb/nRWjeoFlJ1Qer83k/3C5PHQi28hiVdeE2kHXmIL99mQFawx8qt/JPjZilJ8Q=="],

    "@fastify/busboy": ["@fastify/busboy@2.1.1", "", {}, "sha512-vBZP4NlzfOlerQTnba4aqZoMhE/a9HY7HRqoOPaETQcSQuWEIyZMHGfVu6w9wGtGK5fED5qRs2DteVCjOH60sA=="],

    "@oven/bun-darwin-aarch64": ["@oven/bun-darwin-aarch64@1.4.0", "", { "os": "darwin", "cpu": "arm64" }, "sha512-GCpf8QuFLsyioVawP5HrMxA1ZRBlu6Hq9RNnSc3UTUWAzIxBso9trjoZczw1HdgpqSssFkszfIV2zmOzFTjhkw=="],

    "@oven/bun-darwin-x64": ["@oven/bun-darwin-x64@1.4.0", "", { "os": "darwin", "cpu": "x64" }, "sha512-cIrhwOr0SPEraewznhC+c/k6TG8bwFn5uZ4EJuXwjiKJLcAF36q7/bGjWkeXSe48JwMcPRUR054JXF7+cRwSSA=="],

    "@oven/bun-freebsd-aarch64": ["@oven/bun-freebsd-aarch64@1.4.0", "", { "os": "freebsd", "cpu": "arm64" }, "sha512-09x7wnjMR6M5KGBDBhVl2CpfoCIQOkVDbPX2KfIhpXv4N6grbWE7dfLPw/Ydi9gaUMGhU7UKhoz444Nu6RCycA=="],

    "@oven/bun-freebsd-x64": ["@oven/bun-freebsd-x64@1.4.0", "", { "os": "freebsd", "cpu": "x64" }, "sha512-dRwzti/qJqV1HWplU27iUWUqp+f2DtFSf2yqQKSb+HH2dDOC//Uqd9u/A5h1DMsLszfP5OGP9UwQIKxVwFODaA=="],

    "@oven/bun-linux-aarch64": ["@oven/bun-linux-aarch64@1.4.0", "", { "os": "linux", "cpu": "arm64" }, "sha512-Y5yAtCbHK6JjprXEtkdklDQFPADgs+CkfcliyY5g4JJ8baGHyQSrfpSkX3XVJ2C+aBLsdwNDdW+oczMsAwx6uA=="],

    "@oven/bun-linux-aarch64-android": ["@oven/bun-linux-aarch64-android@1.4.0", "", { "os": "android", "cpu": "arm64" }, "sha512-HpPIxJfDNPBPhiBNMyZoo/dOLijARfsx5j72vNuLtaTvl0Hh7HUculxjsOQ2WSyGoCgqXMEr1Qqjab1im9u1RA=="],

    "@oven/bun-linux-aarch64-musl": ["@oven/bun-linux-aarch64-musl@1.4.0", "", { "os": "linux", "cpu": "arm64" }, "sha512-RUjAAkJ/CdNV++zVxyANWshPc73CECYsfhk0fWAkoJjtywxJ2BwXzI6nopBBDMfs0HS+fhRGn6zGwU8ccxLeJg=="],

    "@oven/bun-linux-x64": ["@oven/bun-linux-x64@1.4.0", "", { "os": "linux", "cpu": "x64" }, "sha512-Du44zebtPXJujvMLmtIxEQ6ykOhYt7L/Q+YIGVm+Yy+Pj/fpOnq60ggwIpKp/pGAFbYHNiTrA3JTjuZ9MTbZIg=="],

    "@oven/bun-linux-x64-android": ["@oven/bun-linux-x64-android@1.4.0", "", { "os": "android", "cpu": "x64" }, "sha512-u++KyLlfMn36yWz+AgJs+fZtS46UFDNpSSZhrcitkytONtNwq0X6Q9BDVEFXxYl/+Eec0xme1rb6MgW+U35WeA=="],

    "@oven/bun-linux-x64-musl": ["@oven/bun-linux-x64-musl@1.4.0", "", { "os": "linux", "cpu": "x64" }, "sha512-C1Dv+ISL8YKEKM9jAHzNifOcRUoziy6UMxh+yVXjUCP6QnbRhENDHLaIWWkQZJyBLTn0I3xozflorAlHiGzGqA=="],

    "@oven/bun-windows-aarch64": ["@oven/bun-windows-aarch64@1.4.0", "", { "os": "win32", "cpu": "arm64" }, "sha512-FBAYaQpJBP0asgqzL6NFUfjdQqsV+kvTpJ/eWxPKj+RcDgIfPSuE8kvQuPYu5pa8u8JTujYMjmuyvHxVuQsInA=="],

    "@oven/bun-windows-x64": ["@oven/bun-windows-x64@1.4.0", "", { "os": "win32", "cpu": "x64" }, "sha512-jRKv1NPLznMSZY5BEWciMF7zv0Tiyo2pQSxAJ3w+YWJ6y3VWNJQQQdLlV5Jx8lbOFDrJdrc9dD3GV17k3BP41A=="],

    "@types/bun": ["@types/bun@1.4.0", "", { "dependencies": { "bun-types": "1.4.0" } }, "sha512-K+lZULY23vRgK/CfTjFIV+tyifaNdSMlPh9j+6mQ/cLfpOznLyAuzgV/JQysyECpkBQLVMSyvjlr2fBUSA9wFQ=="],

    "@types/node": ["@types/node@22.20.1", "", { "dependencies": { "undici-types": "~6.21.0" } }, "sha512-EANqOCF9QFyra+4pfxUcX9STKJpCLjMbObVzljIJomAWSnuSIEAvyzEU53GaajbXJEgdh0iEcPL+DGvpUd4k1Q=="],

    "@types/ws": ["@types/ws@8.18.1", "", { "dependencies": { "@types/node": "*" } }, "sha512-ThVF6DCVhA8kUGy+aazFQ4kXQ7E1Ty7A3ypFOe0IcJV8O/M511G99AW24irKrW56Wt44yG9+ij8FaqoBGkuBXg=="],

    "bun": ["bun@1.4.0", "", { "optionalDependencies": { "@oven/bun-darwin-aarch64": "1.4.0", "@oven/bun-darwin-x64": "1.4.0", "@oven/bun-freebsd-aarch64": "1.4.0", "@oven/bun-freebsd-x64": "1.4.0", "@oven/bun-linux-aarch64": "1.4.0", "@oven/bun-linux-aarch64-android": "1.4.0", "@oven/bun-linux-aarch64-musl": "1.4.0", "@oven/bun-linux-x64": "1.4.0", "@oven/bun-linux-x64-android": "1.4.0", "@oven/bun-linux-x64-musl": "1.4.0", "@oven/bun-windows-aarch64": "1.4.0", "@oven/bun-windows-x64": "1.4.0" }, "os": [ "!aix", "!sunos", "!openbsd", ], "cpu": [ "x64", "arm64", ], "bin": { "bun": "bin/bun.exe", "bunx": "bin/bunx.exe" } }, "sha512-iRiFkc2W7UVpCyZXO9tod45TP9QCyN19fWqbpeN/jaM/K7uzeHYx/OSPsahMJazGKBgPsnxRt+4Jc43d8BcHZw=="],

    "bun-types": ["bun-types@1.4.0", "", { "dependencies": { "@types/node": "*" } }, "sha512-iIKw23BspnQQYd3prITOBxeUsxBHnwzX6YJfGMuNOZzeNcMmVqzIIVGRm1l69ogaPQmb4wB6BN8mA5bE9YuC5Q=="],

    "tunnel": ["tunnel@0.0.6", "", {}, "sha512-1h/Lnq9yajKY2PEbBadPXj3VxsDDu844OnaAo52UVmIzIvwwtBPIuNvkjuzBlTWpfJyUbG3ez0KSBibQkj4ojg=="],

    "typescript": ["typescript@5.9.3", "", { "bin": { "tsc": "bin/tsc", "tsserver": "bin/tsserver" } }, "sha512-jl1vZzPDinLr9eUt3J/t7V6FgNEw9QjvBPdysz9KfQDD41fQrC2Y4vKQdiaUpFT4bXlb1RHhLpp8wtm6M5TgSw=="],

    "undici": ["undici@5.29.0", "", { "dependencies": { "@fastify/busboy": "^2.0.0" } }, "sha512-raqeBD6NQK4SkWhQzeYKd1KmIG6dllBOTt55Rmkt4HtI9mwdWtJljnrXjAFUBLTSN67HWrOIZ3EPF4kjUw80Bg=="],

    "undici-types": ["undici-types@6.21.0", "", {}, "sha512-iwDZqg0QAGrg9Rav5H4n0M64c3mkR59cJ6wQp+7C4nI0gsmExaedaYLNO44eT4AtBBwjbTiGPMlt2Md0T9H9JQ=="],

    "ws": ["ws@8.21.3", "", { "peerDependencies": { "bufferutil": "^4.0.1", "utf-8-validate": ">=5.0.2" }, "optionalPeers": ["bufferutil", "utf-8-validate"] }, "sha512-201TZ/kPWxoPr/OKWjquZR1SWKXcvxdH+e1xrx89b3YbmzLMFCLfnaG1HFIgWzJOEWZ7MvpK++odZufgYR50Rw=="],

    "@types/ws/@types/node": ["@types/node@26.4.0", "", { "dependencies": { "undici-types": "~8.3.0" } }, "sha512-faiGnoIrLH/V8cibOMEAZ8pMw6oXqSukl29ra4mN8GdaB2ZewzeaLj+INpV5N+Z1eKWzY+IzaIZH2EIR6YZRNQ=="],

    "bun-types/@types/node": ["@types/node@26.4.0", "", { "dependencies": { "undici-types": "~8.3.0" } }, "sha512-faiGnoIrLH/V8cibOMEAZ8pMw6oXqSukl29ra4mN8GdaB2ZewzeaLj+INpV5N+Z1eKWzY+IzaIZH2EIR6YZRNQ=="],

    "@types/ws/@types/node/undici-types": ["undici-types@8.3.0", "", {}, "sha512-j375ScV60dom+YkPFIfTLcOiPxkN/buHz5GobjLhixFuANaNs3C9l4GmrWqejgXWJ7BbJcFYpTEUkS1Ge8bpZQ=="],

    "bun-types/@types/node/undici-types": ["undici-types@8.3.0", "", {}, "sha512-j375ScV60dom+YkPFIfTLcOiPxkN/buHz5GobjLhixFuANaNs3C9l4GmrWqejgXWJ7BbJcFYpTEUkS1Ge8bpZQ=="],
  }
}
